
Microsoft Visual Studio Solution File, Format Version 12.00
# Visual Studio 15
VisualStudioVersion = 15.0.28010.2036
MinimumVisualStudioVersion = 10.0.40219.1
Project("{FAE04EC0-301F-11D3-BF4B-00C04F79EFBC}") = "20181112test", "20181112test.csproj", "{8B31A3D2-0AB4-4F29-AD42-C7B95AB91D64}"
EndProject
Global
	GlobalSection(SolutionConfigurationPlatforms) = preSolution
		Debug|Any CPU = Debug|Any CPU
		Release|Any CPU = Release|Any CPU
	EndGlobalSection
	GlobalSection(ProjectConfigurationPlatforms) = postSolution
		{8B31A3D2-0AB4-4F29-AD42-C7B95AB91D64}.Debug|Any CPU.ActiveCfg = Debug|Any CPU
		{8B31A3D2-0AB4-4F29-AD42-C7B95AB91D64}.Debug|Any CPU.Build.0 = Debug|Any CPU
		{8B31A3D2-0AB4-4F29-AD42-C7B95AB91D64}.Release|Any CPU.ActiveCfg = Release|Any CPU
		{8B31A3D2-0AB4-4F29-AD42-C7B95AB91D64}.Release|Any CPU.Build.0 = Release|Any CPU
	EndGlobalSection
	GlobalSection(SolutionProperties) = preSolution
		HideSolutionNode = FALSE
	EndGlobalSection
	GlobalSection(ExtensibilityGlobals) = postSolution
		SolutionGuid = {61F04A6D-1C14-4F10-9DBB-447DF437EE78}
	EndGlobalSection
EndGlobal
